<?xml version="1.0"?>
<CONFIG>
  <ProjectOptions>
    <Version Value="9"/>
    <PathDelim Value="\"/>
    <General>
      <Flags>
        <SaveOnlyProjectUnits Value="True"/>
        <MainUnitHasCreateFormStatements Value="False"/>
        <MainUnitHasTitleStatement Value="False"/>
        <LRSInOutputDirectory Value="False"/>
      </Flags>
      <SessionStorage Value="InIDEConfig"/>
      <MainUnit Value="0"/>
      <Title Value="Shenzi"/>
      <UseAppBundle Value="False"/>
      <ResourceType Value="res"/>
    </General>
    <i18n>
      <EnableI18N LFM="False"/>
    </i18n>
    <VersionInfo>
      <StringTable ProductVersion=""/>
    </VersionInfo>
    <BuildModes Count="1">
      <Item1 Name="Default" Default="True"/>
    </BuildModes>
    <PublishOptions>
      <Version Value="2"/>
      <IncludeFileFilter Value="*.(pas|pp|inc|lfm|lpr|lrs|lpi|lpk|sh|xml)"/>
      <ExcludeFileFilter Value="*.(bak|ppu|o|so);*~;backup"/>
    </PublishOptions>
    <RunParams>
      <local>
        <FormatVersion Value="1"/>
      </local>
    </RunParams>
    <RequiredPackages Count="3">
      <Item1>
        <PackageName Value="SynEdit"/>
      </Item1>
      <Item2>
        <PackageName Value="LCL"/>
      </Item2>
      <Item3>
        <PackageName Value="lazmouseandkeyinput"/>
      </Item3>
    </RequiredPackages>
    <Units Count="1">
      <Unit0>
        <Filename Value="shenzi.lpr"/>
        <IsPartOfProject Value="True"/>
        <UnitName Value="Shenzi"/>
      </Unit0>
    </Units>
  </ProjectOptions>
  <CompilerOptions>
    <Version Value="11"/>
    <PathDelim Value="\"/>
    <Target>
      <Filename Value="../../Shenzi"/>
    </Target>
    <SearchPaths>
      <IncludeFiles Value="$(ProjPath);..\Simba;$(ProjPath)../../Units/lape;$(ProjPath)../../Units/MMLAddon/PSInc;$(ProjPath)../../Units/MMLAddon/LPInc;$(ProjPath)../../Units/MMLAddon/LPInc/Wrappers;$(ProjOutDir)"/>
      <Libraries Value="../../Units/lape/extensions/ffi/bin/$(TargetOS)"/>
      <OtherUnitFiles Value="$(ProjPath);$(ProjPath)../Simba;$(ProjPath)../../Units/MMLCore;$(ProjPath)../../Units/MMLAddon;$(ProjPath)../../Units/PascalScript;$(ProjPath)../../Units/lape;$(ProjPath)../../Units/Misc;$(ProjPath)../../Units/Misc/DCPCrypt;$(ProjPath)../../Units/Misc/DCPCrypt/Hashes;$(ProjPath)../../Units/Misc/DCPCrypt/Ciphers;$(ProjPath)../../Units/MMLAddon/PSInc;$(ProjPath)../../Units/Linux;$(ProjPath)../../Units/Synapse;$(LazarusDir)/components/mouseandkeyinput;../../Units/lape/extensions/ffi;$(ProjPath)../ScriptManager;$(ProjPath)../FormDesigner;../../Units/MMLAddon/LPInc/Classes;../../Units/MMLAddon/LPInc/Classes/MML;$(ProjPath)../../Units/MMLAddon/LPInc/Classes/miniLCL"/>
      <UnitOutputDirectory Value="$(ProjPath)../../build/$(TargetOS)"/>
    </SearchPaths>
    <Parsing>
      <SyntaxOptions>
        <IncludeAssertionCode Value="True"/>
      </SyntaxOptions>
    </Parsing>
    <Other>
      <CompilerMessages>
        <MsgFileName Value=""/>
      </CompilerMessages>
      <CustomOptions Value="-dUseCThreads
-dLape_CDECL
-dStaticFFI"/>
      <CompilerPath Value="$(CompPath)"/>
    </Other>
  </CompilerOptions>
  <Debugging>
    <Exceptions Count="3">
      <Item1>
        <Name Value="EAbort"/>
      </Item1>
      <Item2>
        <Name Value="ECodetoolError"/>
      </Item2>
      <Item3>
        <Name Value="EFOpenError"/>
      </Item3>
    </Exceptions>
  </Debugging>
</CONFIG>
